// !$*UTF8*$!
{
	archiveVersion = 1;
	classes = {
	};
	objectVersion = 55;
	objects = {

/* Begin PBXBuildFile section */
		76FA36CC27756C0E0089E71C /* Youtube_UI_RemakeApp.swift in Sources */ = {isa = PBXBuildFile; fileRef = 76FA36CB27756C0E0089E71C /* Youtube_UI_RemakeApp.swift */; };
		76FA36CE27756C0E0089E71C /* ContentView.swift in Sources */ = {isa = PBXBuildFile; fileRef = 76FA36CD27756C0E0089E71C /* ContentView.swift */; };
		76FA36D027756C100089E71C /* Assets.xcassets in Resources */ = {isa = PBXBuildFile; fileRef = 76FA36CF27756C100089E71C /* Assets.xcassets */; };
		76FA36D327756C100089E71C /* Preview Assets.xcassets in Resources */ = {isa = PBXBuildFile; fileRef = 76FA36D227756C100089E71C /* Preview Assets.xcassets */; };
		76FA36DD27756C100089E71C /* Youtube_UI_RemakeTests.swift in Sources */ = {isa = PBXBuildFile; fileRef = 76FA36DC27756C100089E71C /* Youtube_UI_RemakeTests.swift */; };
		76FA36E727756C100089E71C /* Youtube_UI_RemakeUITests.swift in Sources */ = {isa = PBXBuildFile; fileRef = 76FA36E627756C100089E71C /* Youtube_UI_RemakeUITests.swift */; };
		76FA36E927756C100089E71C /* Youtube_UI_RemakeUITestsLaunchTests.swift in Sources */ = {isa = PBXBuildFile; fileRef = 76FA36E827756C100089E71C /* Youtube_UI_RemakeUITestsLaunchTests.swift */; };
		76FA36F627763EE50089E71C /* YoutubeVideoView.swift in Sources */ = {isa = PBXBuildFile; fileRef = 76FA36F527763EE50089E71C /* YoutubeVideoView.swift */; };
		76FA36F8277643950089E71C /* YoutubeVideoView2.swift in Sources */ = {isa = PBXBuildFile; fileRef = 76FA36F7277643950089E71C /* YoutubeVideoView2.swift */; };
		76FA36FA277649BC0089E71C /* YoutubeVideoView3.swift in Sources */ = {isa = PBXBuildFile; fileRef = 76FA36F9277649BC0089E71C /* YoutubeVideoView3.swift */; };
/* End PBXBuildFile section */

/* Begin PBXContainerItemProxy section */
		76FA36D927756C100089E71C /* PBXContainerItemProxy */ = {
			isa = PBXContainerItemProxy;
			containerPortal = 76FA36C027756C0E0089E71C /* Project object */;
			proxyType = 1;
			remoteGlobalIDString = 76FA36C727756C0E0089E71C;
			remoteInfo = "Youtube UI Remake";
		};
		76FA36E327756C100089E71C /* PBXContainerItemProxy */ = {
			isa = PBXContainerItemProxy;
			containerPortal = 76FA36C027756C0E0089E71C /* Project object */;
			proxyType = 1;
			remoteGlobalIDString = 76FA36C727756C0E0089E71C;
			remoteInfo = "Youtube UI Remake";
		};
/* End PBXContainerItemProxy section */

/* Begin PBXFileReference section */
		76FA36C827756C0E0089E71C /* Youtube UI Remake.app */ = {isa = PBXFileReference; explicitFileType = wrapper.application; includeInIndex = 0; path = "Youtube UI Remake.app"; sourceTree = BUILT_PRODUCTS_DIR; };
		76FA36CB27756C0E0089E71C /* Youtube_UI_RemakeApp.swift */ = {isa = PBXFileReference; lastKnownFileType = sourcecode.swift; path = Youtube_UI_RemakeApp.swift; sourceTree = "<group>"; };
		76FA36CD27756C0E0089E71C /* ContentView.swift */ = {isa = PBXFileReference; lastKnownFileType = sourcecode.swift; path = ContentView.swift; sourceTree = "<group>"; };
		76FA36CF27756C100089E71C /* Assets.xcassets */ = {isa = PBXFileReference; lastKnownFileType = folder.assetcatalog; path = Assets.xcassets; sourceTree = "<group>"; };
		76FA36D227756C100089E71C /* Preview Assets.xcassets */ = {isa = PBXFileReference; lastKnownFileType = folder.assetcatalog; path = "Preview Assets.xcassets"; sourceTree = "<group>"; };
		76FA36D827756C100089E71C /* Youtube UI RemakeTests.xctest */ = {isa = PBXFileReference; explicitFileType = wrapper.cfbundle; includeInIndex = 0; path = "Youtube UI RemakeTests.xctest"; sourceTree = BUILT_PRODUCTS_DIR; };
		76FA36DC27756C100089E71C /* Youtube_UI_RemakeTests.swift */ = {isa = PBXFileReference; lastKnownFileType = sourcecode.swift; path = Youtube_UI_RemakeTests.swift; sourceTree = "<group>"; };
		76FA36E227756C100089E71C /* Youtube UI RemakeUITests.xctest */ = {isa = PBXFileReference; explicitFileType = wrapper.cfbundle; includeInIndex = 0; path = "Youtube UI RemakeUITests.xctest"; sourceTree = BUILT_PRODUCTS_DIR; };
		76FA36E627756C100089E71C /* Youtube_UI_RemakeUITests.swift */ = {isa = PBXFileReference; lastKnownFileType = sourcecode.swift; path = Youtube_UI_RemakeUITests.swift; sourceTree = "<group>"; };
		76FA36E827756C100089E71C /* Youtube_UI_RemakeUITestsLaunchTests.swift */ = {isa = PBXFileReference; lastKnownFileType = sourcecode.swift; path = Youtube_UI_RemakeUITestsLaunchTests.swift; sourceTree = "<group>"; };
		76FA36F527763EE50089E71C /* YoutubeVideoView.swift */ = {isa = PBXFileReference; lastKnownFileType = sourcecode.swift; path = YoutubeVideoView.swift; sourceTree = "<group>"; };
		76FA36F7277643950089E71C /* YoutubeVideoView2.swift */ = {isa = PBXFileReference; lastKnownFileType = sourcecode.swift; path = YoutubeVideoView2.swift; sourceTree = "<group>"; };
		76FA36F9277649BC0089E71C /* YoutubeVideoView3.swift */ = {isa = PBXFileReference; lastKnownFileType = sourcecode.swift; path = YoutubeVideoView3.swift; sourceTree = "<group>"; };
/* End PBXFileReference section */

/* Begin PBXFrameworksBuildPhase section */
		76FA36C527756C0E0089E71C /* Frameworks */ = {
			isa = PBXFrameworksBuildPhase;
			buildActionMask = 2147483647;
			files = (
			);
			runOnlyForDeploymentPostprocessing = 0;
		};
		76FA36D527756C100089E71C /* Frameworks */ = {
			isa = PBXFrameworksBuildPhase;
			buildActionMask = 2147483647;
			files = (
			);
			runOnlyForDeploymentPostprocessing = 0;
		};
		76FA36DF27756C100089E71C /* Frameworks */ = {
			isa = PBXFrameworksBuildPhase;
			buildActionMask = 2147483647;
			files = (
			);
			runOnlyForDeploymentPostprocessing = 0;
		};
/* End PBXFrameworksBuildPhase section */

/* Begin PBXGroup section */
		76FA36BF27756C0E0089E71C = {
			isa = PBXGroup;
			children = (
				76FA36CA27756C0E0089E71C /* Youtube UI Remake */,
				76FA36DB27756C100089E71C /* Youtube UI RemakeTests */,
				76FA36E527756C100089E71C /* Youtube UI RemakeUITests */,
				76FA36C927756C0E0089E71C /* Products */,
			);
			sourceTree = "<group>";
		};
		76FA36C927756C0E0089E71C /* Products */ = {
			isa = PBXGroup;
			children = (
				76FA36C827756C0E0089E71C /* Youtube UI Remake.app */,
				76FA36D827756C100089E71C /* Youtube UI RemakeTests.xctest */,
				76FA36E227756C100089E71C /* Youtube UI RemakeUITests.xctest */,
			);
			name = Products;
			sourceTree = "<group>";
		};
		76FA36CA27756C0E0089E71C /* Youtube UI Remake */ = {
			isa = PBXGroup;
			children = (
				76FA36CB27756C0E0089E71C /* Youtube_UI_RemakeApp.swift */,
				76FA36CD27756C0E0089E71C /* ContentView.swift */,
				76FA36CF27756C100089E71C /* Assets.xcassets */,
				76FA36D127756C100089E71C /* Preview Content */,
				76FA36F527763EE50089E71C /* YoutubeVideoView.swift */,
				76FA36F7277643950089E71C /* YoutubeVideoView2.swift */,
				76FA36F9277649BC0089E71C /* YoutubeVideoView3.swift */,
			);
			path = "Youtube UI Remake";
			sourceTree = "<group>";
		};
		76FA36D127756C100089E71C /* Preview Content */ = {
			isa = PBXGroup;
			children = (
				76FA36D227756C100089E71C /* Preview Assets.xcassets */,
			);
			path = "Preview Content";
			sourceTree = "<group>";
		};
		76FA36DB27756C100089E71C /* Youtube UI RemakeTests */ = {
			isa = PBXGroup;
			children = (
				76FA36DC27756C100089E71C /* Youtube_UI_RemakeTests.swift */,
			);
			path = "Youtube UI RemakeTests";
			sourceTree = "<group>";
		};
		76FA36E527756C100089E71C /* Youtube UI RemakeUITests */ = {
			isa = PBXGroup;
			children = (
				76FA36E627756C100089E71C /* Youtube_UI_RemakeUITests.swift */,
				76FA36E827756C100089E71C /* Youtube_UI_RemakeUITestsLaunchTests.swift */,
			);
			path = "Youtube UI RemakeUITests";
			sourceTree = "<group>";
		};
/* End PBXGroup section */

/* Begin PBXNativeTarget section */
		76FA36C727756C0E0089E71C /* Youtube UI Remake */ = {
			isa = PBXNativeTarget;
			buildConfigurationList = 76FA36EC27756C100089E71C /* Build configuration list for PBXNativeTarget "Youtube UI Remake" */;
			buildPhases = (
				76FA36C427756C0E0089E71C /* Sources */,
				76FA36C527756C0E0089E71C /* Frameworks */,
				76FA36C627756C0E0089E71C /* Resources */,
			);
			buildRules = (
			);
			dependencies = (
			);
			name = "Youtube UI Remake";
			productName = "Youtube UI Remake";
			productReference = 76FA36C827756C0E0089E71C /* Youtube UI Remake.app */;
			productType = "com.apple.product-type.application";
		};
		76FA36D727756C100089E71C /* Youtube UI RemakeTests */ = {
			isa = PBXNativeTarget;
			buildConfigurationList = 76FA36EF27756C100089E71C /* Build configuration list for PBXNativeTarget "Youtube UI RemakeTests" */;
			buildPhases = (
				76FA36D427756C100089E71C /* Sources */,
				76FA36D527756C100089E71C /* Frameworks */,
				76FA36D627756C100089E71C /* Resources */,
			);
			buildRules = (
			);
			dependencies = (
				76FA36DA27756C100089E71C /* PBXTargetDependency */,
			);
			name = "Youtube UI RemakeTests";
			productName = "Youtube UI RemakeTests";
			productReference = 76FA36D827756C100089E71C /* Youtube UI RemakeTests.xctest */;
			productType = "com.apple.product-type.bundle.unit-test";
		};
		76FA36E127756C100089E71C /* Youtube UI RemakeUITests */ = {
			isa = PBXNativeTarget;
			buildConfigurationList = 76FA36F227756C100089E71C /* Build configuration list for PBXNativeTarget "Youtube UI RemakeUITests" */;
			buildPhases = (
				76FA36DE27756C100089E71C /* Sources */,
				76FA36DF27756C100089E71C /* Frameworks */,
				76FA36E027756C100089E71C /* Resources */,
			);
			buildRules = (
			);
			dependencies = (
				76FA36E427756C100089E71C /* PBXTargetDependency */,
			);
			name = "Youtube UI RemakeUITests";
			productName = "Youtube UI RemakeUITests";
			productReference = 76FA36E227756C100089E71C /* Youtube UI RemakeUITests.xctest */;
			productType = "com.apple.product-type.bundle.ui-testing";
		};
/* End PBXNativeTarget section */

/* Begin PBXProject section */
		76FA36C027756C0E0089E71C /* Project object */ = {
			isa = PBXProject;
			attributes = {
				BuildIndependentTargetsInParallel = 1;
				LastSwiftUpdateCheck = 1320;
				LastUpgradeCheck = 1320;
				TargetAttributes = {
					76FA36C727756C0E0089E71C = {
						CreatedOnToolsVersion = 13.2;
					};
					76FA36D727756C100089E71C = {
						CreatedOnToolsVersion = 13.2;
						TestTargetID = 76FA36C727756C0E0089E71C;
					};
					76FA36E127756C100089E71C = {
						CreatedOnToolsVersion = 13.2;
						TestTargetID = 76FA36C727756C0E0089E71C;
					};
				};
			};
			buildConfigurationList = 76FA36C327756C0E0089E71C /* Build configuration list for PBXProject "Youtube UI Remake" */;
			compatibilityVersion = "Xcode 13.0";
			developmentRegion = en;
			hasScannedForEncodings = 0;
			knownRegions = (
				en,
				Base,
			);
			mainGroup = 76FA36BF27756C0E0089E71C;
			productRefGroup = 76FA36C927756C0E0089E71C /* Products */;
			projectDirPath = "";
			projectRoot = "";
			targets = (
				76FA36C727756C0E0089E71C /* Youtube UI Remake */,
				76FA36D727756C100089E71C /* Youtube UI RemakeTests */,
				76FA36E127756C100089E71C /* Youtube UI RemakeUITests */,
			);
		};
/* End PBXProject section */

/* Begin PBXResourcesBuildPhase section */
		76FA36C627756C0E0089E71C /* Resources */ = {
			isa = PBXResourcesBuildPhase;
			buildActionMask = 2147483647;
			files = (
				76FA36D327756C100089E71C /* Preview Assets.xcassets in Resources */,
				76FA36D027756C100089E71C /* Assets.xcassets in Resources */,
			);
			runOnlyForDeploymentPostprocessing = 0;
		};
		76FA36D627756C100089E71C /* Resources */ = {
			isa = PBXResourcesBuildPhase;
			buildActionMask = 2147483647;
			files = (
			);
			runOnlyForDeploymentPostprocessing = 0;
		};
		76FA36E027756C100089E71C /* Resources */ = {
			isa = PBXResourcesBuildPhase;
			buildActionMask = 2147483647;
			files = (
			);
			runOnlyForDeploymentPostprocessing = 0;
		};
/* End PBXResourcesBuildPhase section */

/* Begin PBXSourcesBuildPhase section */
		76FA36C427756C0E0089E71C /* Sources */ = {
			isa = PBXSourcesBuildPhase;
			buildActionMask = 2147483647;
			files = (
				76FA36CE27756C0E0089E71C /* ContentView.swift in Sources */,
				76FA36F627763EE50089E71C /* YoutubeVideoView.swift in Sources */,
				76FA36FA277649BC0089E71C /* YoutubeVideoView3.swift in Sources */,
				76FA36CC27756C0E0089E71C /* Youtube_UI_RemakeApp.swift in Sources */,
				76FA36F8277643950089E71C /* YoutubeVideoView2.swift in Sources */,
			);
			runOnlyForDeploymentPostprocessing = 0;
		};
		76FA36D427756C100089E71C /* Sources */ = {
			isa = PBXSourcesBuildPhase;
			buildActionMask = 2147483647;
			files = (
				76FA36DD27756C100089E71C /* Youtube_UI_RemakeTests.swift in Sources */,
			);
			runOnlyForDeploymentPostprocessing = 0;
		};
		76FA36DE27756C100089E71C /* Sources */ = {
			isa = PBXSourcesBuildPhase;
			buildActionMask = 2147483647;
			files = (
				76FA36E727756C100089E71C /* Youtube_UI_RemakeUITests.swift in Sources */,
				76FA36E927756C100089E71C /* Youtube_UI_RemakeUITestsLaunchTests.swift in Sources */,
			);
			runOnlyForDeploymentPostprocessing = 0;
		};
/* End PBXSourcesBuildPhase section */

/* Begin PBXTargetDependency section */
		76FA36DA27756C100089E71C /* PBXTargetDependency */ = {
			isa = PBXTargetDependency;
			target = 76FA36C727756C0E0089E71C /* Youtube UI Remake */;
			targetProxy = 76FA36D927756C100089E71C /* PBXContainerItemProxy */;
		};
		76FA36E427756C100089E71C /* PBXTargetDependency */ = {
			isa = PBXTargetDependency;
			target = 76FA36C727756C0E0089E71C /* Youtube UI Remake */;
			targetProxy = 76FA36E327756C100089E71C /* PBXContainerItemProxy */;
		};
/* End PBXTargetDependency section */

/* Begin XCBuildConfiguration section */
		76FA36EA27756C100089E71C /* Debug */ = {
			isa = XCBuildConfiguration;
			buildSettings = {
				ALWAYS_SEARCH_USER_PATHS = NO;
				CLANG_ANALYZER_NONNULL = YES;
				CLANG_ANALYZER_NUMBER_OBJECT_CONVERSION = YES_AGGRESSIVE;
				CLANG_CXX_LANGUAGE_STANDARD = "gnu++17";
				CLANG_CXX_LIBRARY = "libc++";
				CLANG_ENABLE_MODULES = YES;
				CLANG_ENABLE_OBJC_ARC = YES;
				CLANG_ENABLE_OBJC_WEAK = YES;
				CLANG_WARN_BLOCK_CAPTURE_AUTORELEASING = YES;
				CLANG_WARN_BOOL_CONVERSION = YES;
				CLANG_WARN_COMMA = YES;
				CLANG_WARN_CONSTANT_CONVERSION = YES;
				CLANG_WARN_DEPRECATED_OBJC_IMPLEMENTATIONS = YES;
				CLANG_WARN_DIRECT_OBJC_ISA_USAGE = YES_ERROR;
				CLANG_WARN_DOCUMENTATION_COMMENTS = YES;
				CLANG_WARN_EMPTY_BODY = YES;
				CLANG_WARN_ENUM_CONVERSION = YES;
				CLANG_WARN_INFINITE_RECURSION = YES;
				CLANG_WARN_INT_CONVERSION = YES;
				CLANG_WARN_NON_LITERAL_NULL_CONVERSION = YES;
				CLANG_WARN_OBJC_IMPLICIT_RETAIN_SELF = YES;
				CLANG_WARN_OBJC_LITERAL_CONVERSION = YES;
				CLANG_WARN_OBJC_ROOT_CLASS = YES_ERROR;
				CLANG_WARN_QUOTED_INCLUDE_IN_FRAMEWORK_HEADER = YES;
				CLANG_WARN_RANGE_LOOP_ANALYSIS = YES;
				CLANG_WARN_STRICT_PROTOTYPES = YES;
				CLANG_WARN_SUSPICIOUS_MOVE = YES;
				CLANG_WARN_UNGUARDED_AVAILABILITY = YES_AGGRESSIVE;
				CLANG_WARN_UNREACHABLE_CODE = YES;
				CLANG_WARN__DUPLICATE_METHOD_MATCH = YES;
				COPY_PHASE_STRIP = NO;
				DEBUG_INFORMATION_FORMAT = dwarf;
				ENABLE_STRICT_OBJC_MSGSEND = YES;
				ENABLE_TESTABILITY = YES;
				GCC_C_LANGUAGE_STANDARD = gnu11;
				GCC_DYNAMIC_NO_PIC = NO;
				GCC_NO_COMMON_BLOCKS = YES;
				GCC_OPTIMIZATION_LEVEL = 0;
				GCC_PREPROCESSOR_DEFINITIONS = (
					"DEBUG=1",
					"$(inherited)",
				);
				GCC_WARN_64_TO_32_BIT_CONVERSION = YES;
				GCC_WARN_ABOUT_RETURN_TYPE = YES_ERROR;
				GCC_WARN_UNDECLARED_SELECTOR = YES;
				GCC_WARN_UNINITIALIZED_AUTOS = YES_AGGRESSIVE;
				GCC_WARN_UNUSED_FUNCTION = YES;
				GCC_WARN_UNUSED_VARIABLE = YES;
				IPHONEOS_DEPLOYMENT_TARGET = 15.2;
				MTL_ENABLE_DEBUG_INFO = INCLUDE_SOURCE;
				MTL_FAST_MATH = YES;
				ONLY_ACTIVE_ARCH = YES;
				SDKROOT = iphoneos;
				SWIFT_ACTIVE_COMPILATION_CONDITIONS = DEBUG;
				SWIFT_OPTIMIZATION_LEVEL = "-Onone";
			};
			name = Debug;
		};
		76FA36EB27756C100089E71C /* Release */ = {
			isa = XCBuildConfiguration;
			buildSettings = {
				ALWAYS_SEARCH_USER_PATHS = NO;
				CLANG_ANALYZER_NONNULL = YES;
				CLANG_ANALYZER_NUMBER_OBJECT_CONVERSION = YES_AGGRESSIVE;
				CLANG_CXX_LANGUAGE_STANDARD = "gnu++17";
				CLANG_CXX_LIBRARY = "libc++";
				CLANG_ENABLE_MODULES = YES;
				CLANG_ENABLE_OBJC_ARC = YES;
				CLANG_ENABLE_OBJC_WEAK = YES;
				CLANG_WARN_BLOCK_CAPTURE_AUTORELEASING = YES;
				CLANG_WARN_BOOL_CONVERSION = YES;
				CLANG_WARN_COMMA = YES;
				CLANG_WARN_CONSTANT_CONVERSION = YES;
				CLANG_WARN_DEPRECATED_OBJC_IMPLEMENTATIONS = YES;
				CLANG_WARN_DIRECT_OBJC_ISA_USAGE = YES_ERROR;
				CLANG_WARN_DOCUMENTATION_COMMENTS = YES;
				CLANG_WARN_EMPTY_BODY = YES;
				CLANG_WARN_ENUM_CONVERSION = YES;
				CLANG_WARN_INFINITE_RECURSION = YES;
				CLANG_WARN_INT_CONVERSION = YES;
				CLANG_WARN_NON_LITERAL_NULL_CONVERSION = YES;
				CLANG_WARN_OBJC_IMPLICIT_RETAIN_SELF = YES;
				CLANG_WARN_OBJC_LITERAL_CONVERSION = YES;
				CLANG_WARN_OBJC_ROOT_CLASS = YES_ERROR;
				CLANG_WARN_QUOTED_INCLUDE_IN_FRAMEWORK_HEADER = YES;
				CLANG_WARN_RANGE_LOOP_ANALYSIS = YES;
				CLANG_WARN_STRICT_PROTOTYPES = YES;
				CLANG_WARN_SUSPICIOUS_MOVE = YES;
				CLANG_WARN_UNGUARDED_AVAILABILITY = YES_AGGRESSIVE;
				CLANG_WARN_UNREACHABLE_CODE = YES;
				CLANG_WARN__DUPLICATE_METHOD_MATCH = YES;
				COPY_PHASE_STRIP = NO;
				DEBUG_INFORMATION_FORMAT = "dwarf-with-dsym";
				ENABLE_NS_ASSERTIONS = NO;
				ENABLE_STRICT_OBJC_MSGSEND = YES;
				GCC_C_LANGUAGE_STANDARD = gnu11;
				GCC_NO_COMMON_BLOCKS = YES;
				GCC_WARN_64_TO_32_BIT_CONVERSION = YES;
				GCC_WARN_ABOUT_RETURN_TYPE = YES_ERROR;
				GCC_WARN_UNDECLARED_SELECTOR = YES;
				GCC_WARN_UNINITIALIZED_AUTOS = YES_AGGRESSIVE;
				GCC_WARN_UNUSED_FUNCTION = YES;
				GCC_WARN_UNUSED_VARIABLE = YES;
				IPHONEOS_DEPLOYMENT_TARGET = 15.2;
				MTL_ENABLE_DEBUG_INFO = NO;
				MTL_FAST_MATH = YES;
				SDKROOT = iphoneos;
				SWIFT_COMPILATION_MODE = wholemodule;
				SWIFT_OPTIMIZATION_LEVEL = "-O";
				VALIDATE_PRODUCT = YES;
			};
			name = Release;
		};
		76FA36ED27756C100089E71C /* Debug */ = {
			isa = XCBuildConfiguration;
			buildSettings = {
				ASSETCATALOG_COMPILER_APPICON_NAME = AppIcon;
				ASSETCATALOG_COMPILER_GLOBAL_ACCENT_COLOR_NAME = AccentColor;
				CODE_SIGN_STYLE = Automatic;
				CURRENT_PROJECT_VERSION = 1;
				DEVELOPMENT_ASSET_PATHS = "\"Youtube UI Remake/Preview Content\"";
				DEVELOPMENT_TEAM = ZZ7Y277CTC;
				ENABLE_PREVIEWS = YES;
				GENERATE_INFOPLIST_FILE = YES;
				INFOPLIST_KEY_UIApplicationSceneManifest_Generation = YES;
				INFOPLIST_KEY_UIApplicationSupportsIndirectInputEvents = YES;
				INFOPLIST_KEY_UILaunchScreen_Generation = YES;
				INFOPLIST_KEY_UISupportedInterfaceOrientations_iPad = "UIInterfaceOrientationPortrait UIInterfaceOrientationPortraitUpsideDown UIInterfaceOrientationLandscapeLeft UIInterfaceOrientationLandscapeRight";
				INFOPLIST_KEY_UISupportedInterfaceOrientations_iPhone = "UIInterfaceOrientationPortrait UIInterfaceOrientationLandscapeLeft UIInterfaceOrientationLandscapeRight";
				LD_RUNPATH_SEARCH_PATHS = (
					"$(inherited)",
					"@executable_path/Frameworks",
				);
				MARKETING_VERSION = 1.0;
				PRODUCT_BUNDLE_IDENTIFIER = "com.a1humn.Youtube-UI-Remake";
				PRODUCT_NAME = "$(TARGET_NAME)";
				SWIFT_EMIT_LOC_STRINGS = YES;
				SWIFT_VERSION = 5.0;
				TARGETED_DEVICE_FAMILY = "1,2";
			};
			name = Debug;
		};
		76FA36EE27756C100089E71C /* Release */ = {
			isa = XCBuildConfiguration;
			buildSettings = {
				ASSETCATALOG_COMPILER_APPICON_NAME = AppIcon;
				ASSETCATALOG_COMPILER_GLOBAL_ACCENT_COLOR_NAME = AccentColor;
				CODE_SIGN_STYLE = Automatic;
				CURRENT_PROJECT_VERSION = 1;
				DEVELOPMENT_ASSET_PATHS = "\"Youtube UI Remake/Preview Content\"";
				DEVELOPMENT_TEAM = ZZ7Y277CTC;
				ENABLE_PREVIEWS = YES;
				GENERATE_INFOPLIST_FILE = YES;
				INFOPLIST_KEY_UIApplicationSceneManifest_Generation = YES;
				INFOPLIST_KEY_UIApplicationSupportsIndirectInputEvents = YES;
				INFOPLIST_KEY_UILaunchScreen_Generation = YES;
				INFOPLIST_KEY_UISupportedInterfaceOrientations_iPad = "UIInterfaceOrientationPortrait UIInterfaceOrientationPortraitUpsideDown UIInterfaceOrientationLandscapeLeft UIInterfaceOrientationLandscapeRight";
				INFOPLIST_KEY_UISupportedInterfaceOrientations_iPhone = "UIInterfaceOrientationPortrait UIInterfaceOrientationLandscapeLeft UIInterfaceOrientationLandscapeRight";
				LD_RUNPATH_SEARCH_PATHS = (
					"$(inherited)",
					"@executable_path/Frameworks",
				);
				MARKETING_VERSION = 1.0;
				PRODUCT_BUNDLE_IDENTIFIER = "com.a1humn.Youtube-UI-Remake";
				PRODUCT_NAME = "$(TARGET_NAME)";
				SWIFT_EMIT_LOC_STRINGS = YES;
				SWIFT_VERSION = 5.0;
				TARGETED_DEVICE_FAMILY = "1,2";
			};
			name = Release;
		};
		76FA36F027756C100089E71C /* Debug */ = {
			isa = XCBuildConfiguration;
			buildSettings = {
				ALWAYS_EMBED_SWIFT_STANDARD_LIBRARIES = YES;
				BUNDLE_LOADER = "$(TEST_HOST)";
				CODE_SIGN_STYLE = Automatic;
				CURRENT_PROJECT_VERSION = 1;
				DEVELOPMENT_TEAM = ZZ7Y277CTC;
				GENERATE_INFOPLIST_FILE = YES;
				IPHONEOS_DEPLOYMENT_TARGET = 15.2;
				MARKETING_VERSION = 1.0;
				PRODUCT_BUNDLE_IDENTIFIER = "com.a1humn.Youtube-UI-RemakeTests";
				PRODUCT_NAME = "$(TARGET_NAME)";
				SWIFT_EMIT_LOC_STRINGS = NO;
				SWIFT_VERSION = 5.0;
				TARGETED_DEVICE_FAMILY = "1,2";
				TEST_HOST = "$(BUILT_PRODUCTS_DIR)/Youtube UI Remake.app/Youtube UI Remake";
			};
			name = Debug;
		};
		76FA36F127756C100089E71C /* Release */ = {
			isa = XCBuildConfiguration;
			buildSettings = {
				ALWAYS_EMBED_SWIFT_STANDARD_LIBRARIES = YES;
				BUNDLE_LOADER = "$(TEST_HOST)";
				CODE_SIGN_STYLE = Automatic;
				CURRENT_PROJECT_VERSION = 1;
				DEVELOPMENT_TEAM = ZZ7Y277CTC;
				GENERATE_INFOPLIST_FILE = YES;
				IPHONEOS_DEPLOYMENT_TARGET = 15.2;
				MARKETING_VERSION = 1.0;
				PRODUCT_BUNDLE_IDENTIFIER = "com.a1humn.Youtube-UI-RemakeTests";
				PRODUCT_NAME = "$(TARGET_NAME)";
				SWIFT_EMIT_LOC_STRINGS = NO;
				SWIFT_VERSION = 5.0;
				TARGETED_DEVICE_FAMILY = "1,2";
				TEST_HOST = "$(BUILT_PRODUCTS_DIR)/Youtube UI Remake.app/Youtube UI Remake";
			};
			name = Release;
		};
		76FA36F327756C100089E71C /* Debug */ = {
			isa = XCBuildConfiguration;
			buildSettings = {
				ALWAYS_EMBED_SWIFT_STANDARD_LIBRARIES = YES;
				CODE_SIGN_STYLE = Automatic;
				CURRENT_PROJECT_VERSION = 1;
				DEVELOPMENT_TEAM = ZZ7Y277CTC;
				GENERATE_INFOPLIST_FILE = YES;
				MARKETING_VERSION = 1.0;
				PRODUCT_BUNDLE_IDENTIFIER = "com.a1humn.Youtube-UI-RemakeUITests";
				PRODUCT_NAME = "$(TARGET_NAME)";
				SWIFT_EMIT_LOC_STRINGS = NO;
				SWIFT_VERSION = 5.0;
				TARGETED_DEVICE_FAMILY = "1,2";
				TEST_TARGET_NAME = "Youtube UI Remake";
			};
			name = Debug;
		};
		76FA36F427756C100089E71C /* Release */ = {
			isa = XCBuildConfiguration;
			buildSettings = {
				ALWAYS_EMBED_SWIFT_STANDARD_LIBRARIES = YES;
				CODE_SIGN_STYLE = Automatic;
				CURRENT_PROJECT_VERSION = 1;
				DEVELOPMENT_TEAM = ZZ7Y277CTC;
				GENERATE_INFOPLIST_FILE = YES;
				MARKETING_VERSION = 1.0;
				PRODUCT_BUNDLE_IDENTIFIER = "com.a1humn.Youtube-UI-RemakeUITests";
				PRODUCT_NAME = "$(TARGET_NAME)";
				SWIFT_EMIT_LOC_STRINGS = NO;
				SWIFT_VERSION = 5.0;
				TARGETED_DEVICE_FAMILY = "1,2";
				TEST_TARGET_NAME = "Youtube UI Remake";
			};
			name = Release;
		};
/* End XCBuildConfiguration section */

/* Begin XCConfigurationList section */
		76FA36C327756C0E0089E71C /* Build configuration list for PBXProject "Youtube UI Remake" */ = {
			isa = XCConfigurationList;
			buildConfigurations = (
				76FA36EA27756C100089E71C /* Debug */,
				76FA36EB27756C100089E71C /* Release */,
			);
			defaultConfigurationIsVisible = 0;
			defaultConfigurationName = Release;
		};
		76FA36EC27756C100089E71C /* Build configuration list for PBXNativeTarget "Youtube UI Remake" */ = {
			isa = XCConfigurationList;
			buildConfigurations = (
				76FA36ED27756C100089E71C /* Debug */,
				76FA36EE27756C100089E71C /* Release */,
			);
			defaultConfigurationIsVisible = 0;
			defaultConfigurationName = Release;
		};
		76FA36EF27756C100089E71C /* Build configuration list for PBXNativeTarget "Youtube UI RemakeTests" */ = {
			isa = XCConfigurationList;
			buildConfigurations = (
				76FA36F027756C100089E71C /* Debug */,
				76FA36F127756C100089E71C /* Release */,
			);
			defaultConfigurationIsVisible = 0;
			defaultConfigurationName = Release;
		};
		76FA36F227756C100089E71C /* Build configuration list for PBXNativeTarget "Youtube UI RemakeUITests" */ = {
			isa = XCConfigurationList;
			buildConfigurations = (
				76FA36F327756C100089E71C /* Debug */,
				76FA36F427756C100089E71C /* Release */,
			);
			defaultConfigurationIsVisible = 0;
			defaultConfigurationName = Release;
		};
/* End XCConfigurationList section */
	};
	rootObject = 76FA36C027756C0E0089E71C /* Project object */;
}
